{
    "_readme": [
        "This file locks the dependencies of your project to a known state",
        "Read more about it at https://getcomposer.org/doc/01-basic-usage.md#installing-dependencies",
        "This file is @generated automatically"
    ],
    "content-hash": "befa61bcae8d0b35d604cdb6fb3bb371",
    "packages": [
        {
            "name": "cijic/phpmorphy",
            "version": "0.3.1",
            "source": {
                "type": "git",
                "url": "https://github.com/cijic/phpmorphy.git",
                "reference": "d373f46d0730b6b56ca774f266912db648869f63"
            },
            "dist": {
                "type": "zip",
                "url": "https://api.github.com/repos/cijic/phpmorphy/zipball/d373f46d0730b6b56ca774f266912db648869f63",
                "reference": "d373f46d0730b6b56ca774f266912db648869f63",
                "shasum": ""
            },
            "require": {
                "php": ">=5.3.0"
            },
            "type": "library",
            "autoload": {
                "classmap": [
                    "libs/phpmorphy/src/common.php",
                    "libs/phpmorphy/src/"
                ],
                "psr-4": {
                    "cijic\\phpMorphy\\": "src"
                }
            },
            "notification-url": "https://packagist.org/downloads/",
            "license": [
                "MIT"
            ],
            "authors": [
                {
                    "name": "Chiril Teterea",
                    "email": "altcode@ya.ru",
                    "role": "Developer"
                }
            ],
            "description": "phpMorphy - morphological analyzer library for Russisan, English languages.",
            "homepage": "https://github.com/cijic/phpmorphy",
            "keywords": [
                "phpmorphy"
            ],
            "time": "2019-11-21T19:22:27+00:00"
        },
        {
            "name": "jaeger/phpquery-single",
            "version": "1.0.1",
            "source": {
                "type": "git",
                "url": "https://github.com/jae-jae/phpQuery-single.git",
                "reference": "fb80b4a0e5a337438d26e061ec3fb725c9f2a116"
            },
            "dist": {
                "type": "zip",
                "url": "https://api.github.com/repos/jae-jae/phpQuery-single/zipball/fb80b4a0e5a337438d26e061ec3fb725c9f2a116",
                "reference": "fb80b4a0e5a337438d26e061ec3fb725c9f2a116",
                "shasum": ""
            },
            "require": {
                "php": ">=5.3.0"
            },
            "type": "library",
            "autoload": {
                "classmap": [
                    "phpQuery.php"
                ]
            },
            "notification-url": "https://packagist.org/downloads/",
            "license": [
                "MIT"
            ],
            "authors": [
                {
                    "name": "Tobiasz Cudnik",
                    "email": "tobiasz.cudnik@gmail.com",
                    "homepage": "https://github.com/TobiaszCudnik",
                    "role": "Developer"
                },
                {
                    "name": "Jaeger",
                    "role": "Packager"
                }
            ],
            "description": "phpQuery单文件版本，是Querylist的依赖(http://querylist.cc/)，phpQuery项目主页:http://code.google.com/p/phpquery/",
            "homepage": "http://code.google.com/p/phpquery/",
            "time": "2019-11-05T01:50:34+00:00"
        }
    ],
    "packages-dev": [],
    "aliases": [],
    "minimum-stability": "stable",
    "stability-flags": [],
    "prefer-stable": false,
    "prefer-lowest": false,
    "platform": {
        "ext-curl": "*"
    },
    "platform-dev": []
}
